
Microsoft Visual Studio Solution File, Format Version 12.00
# Visual Studio Version 17
VisualStudioVersion = 17.0.31717.71
MinimumVisualStudioVersion = 10.0.40219.1
Project("{9A19103F-16F7-4668-BE54-9A1E7A4F7556}") = "MiniTodo", "MiniTodo.csproj", "{C56693C6-1D90-4D6C-BC40-A997B3C5EED2}"
EndProject
Global
	GlobalSection(SolutionConfigurationPlatforms) = preSolution
		Debug|Any CPU = Debug|Any CPU
		Release|Any CPU = Release|Any CPU
	EndGlobalSection
	GlobalSection(ProjectConfigurationPlatforms) = postSolution
		{C56693C6-1D90-4D6C-BC40-A997B3C5EED2}.Debug|Any CPU.ActiveCfg = Debug|Any CPU
		{C56693C6-1D90-4D6C-BC40-A997B3C5EED2}.Debug|Any CPU.Build.0 = Debug|Any CPU
		{C56693C6-1D90-4D6C-BC40-A997B3C5EED2}.Release|Any CPU.ActiveCfg = Release|Any CPU
		{C56693C6-1D90-4D6C-BC40-A997B3C5EED2}.Release|Any CPU.Build.0 = Release|Any CPU
	EndGlobalSection
	GlobalSection(SolutionProperties) = preSolution
		HideSolutionNode = FALSE
	EndGlobalSection
	GlobalSection(ExtensibilityGlobals) = postSolution
		SolutionGuid = {C6AB9F7A-03AC-4A68-8B06-CBDE2BC33E0B}
	EndGlobalSection
EndGlobal
